
Microsoft Visual Studio Solution File, Format Version 12.00
# Visual Studio Version 16
VisualStudioVersion = 16.0.29326.143
MinimumVisualStudioVersion = 10.0.40219.1
Project("{FAE04EC0-301F-11D3-BF4B-00C04F79EFBC}") = "SmartArrayCoreClass", "SmartArrayCoreClass\SmartArrayCoreClass.csproj", "{BD13DA23-28E6-400A-B096-0A262E606C77}"
EndProject
Project("{FAE04EC0-301F-11D3-BF4B-00C04F79EFBC}") = "SmartArrayDriver", "SmartArrayDriver\SmartArrayDriver.csproj", "{637DDAF1-29A2-49F7-AE08-18B48AFEE313}"
EndProject
Project("{9A19103F-16F7-4668-BE54-9A1E7A4F7556}") = "UnitTestProject1", "UnitTestProject1\UnitTestProject1.csproj", "{AEB3968E-326D-4CDE-8B98-758B45034F31}"
EndProject
Global
	GlobalSection(SolutionConfigurationPlatforms) = preSolution
		Debug|Any CPU = Debug|Any CPU
		Release|Any CPU = Release|Any CPU
	EndGlobalSection
	GlobalSection(ProjectConfigurationPlatforms) = postSolution
		{BD13DA23-28E6-400A-B096-0A262E606C77}.Debug|Any CPU.ActiveCfg = Debug|Any CPU
		{BD13DA23-28E6-400A-B096-0A262E606C77}.Debug|Any CPU.Build.0 = Debug|Any CPU
		{BD13DA23-28E6-400A-B096-0A262E606C77}.Release|Any CPU.ActiveCfg = Release|Any CPU
		{BD13DA23-28E6-400A-B096-0A262E606C77}.Release|Any CPU.Build.0 = Release|Any CPU
		{637DDAF1-29A2-49F7-AE08-18B48AFEE313}.Debug|Any CPU.ActiveCfg = Debug|Any CPU
		{637DDAF1-29A2-49F7-AE08-18B48AFEE313}.Debug|Any CPU.Build.0 = Debug|Any CPU
		{637DDAF1-29A2-49F7-AE08-18B48AFEE313}.Release|Any CPU.ActiveCfg = Release|Any CPU
		{637DDAF1-29A2-49F7-AE08-18B48AFEE313}.Release|Any CPU.Build.0 = Release|Any CPU
		{AEB3968E-326D-4CDE-8B98-758B45034F31}.Debug|Any CPU.ActiveCfg = Debug|Any CPU
		{AEB3968E-326D-4CDE-8B98-758B45034F31}.Debug|Any CPU.Build.0 = Debug|Any CPU
		{AEB3968E-326D-4CDE-8B98-758B45034F31}.Release|Any CPU.ActiveCfg = Release|Any CPU
		{AEB3968E-326D-4CDE-8B98-758B45034F31}.Release|Any CPU.Build.0 = Release|Any CPU
	EndGlobalSection
	GlobalSection(SolutionProperties) = preSolution
		HideSolutionNode = FALSE
	EndGlobalSection
	GlobalSection(ExtensibilityGlobals) = postSolution
		SolutionGuid = {02E691D0-4B1F-43EC-832A-7906EB2C5668}
	EndGlobalSection
EndGlobal
